
Microsoft Visual Studio Solution File, Format Version 12.00
# Visual Studio Version 17
VisualStudioVersion = 17.0.31903.59
MinimumVisualStudioVersion = 10.0.40219.1
Project("{9A19103F-16F7-4668-BE54-9A1E7A4F7556}") = "ElasticMongoDemo.API", "ElasticMongoDemo.API\ElasticMongoDemo.API.csproj", "{03A3F670-7F85-435F-8024-CBF6BA73FF61}"
EndProject
Project("{9A19103F-16F7-4668-BE54-9A1E7A4F7556}") = "ElasticMongoDemo.Application", "ElasticMongoDemo.Application\ElasticMongoDemo.Application.csproj", "{DC36EA5F-B493-4A2C-9A5D-474D95134BE3}"
EndProject
Project("{9A19103F-16F7-4668-BE54-9A1E7A4F7556}") = "ElasticMongoDemo.Domain", "ElasticMongoDemo.Domain\ElasticMongoDemo.Domain.csproj", "{876BEE7C-AA69-4138-B554-AC58A61ABB50}"
EndProject
Project("{9A19103F-16F7-4668-BE54-9A1E7A4F7556}") = "ElasticMongoDemo.Infrastructure", "ElasticMongoDemo.Infrastructure\ElasticMongoDemo.Infrastructure.csproj", "{CC213B5A-749E-4F94-A964-7D2C33C14DEC}"
EndProject
Global
	GlobalSection(SolutionConfigurationPlatforms) = preSolution
		Debug|Any CPU = Debug|Any CPU
		Debug|x64 = Debug|x64
		Debug|x86 = Debug|x86
		Release|Any CPU = Release|Any CPU
		Release|x64 = Release|x64
		Release|x86 = Release|x86
	EndGlobalSection
	GlobalSection(ProjectConfigurationPlatforms) = postSolution
		{03A3F670-7F85-435F-8024-CBF6BA73FF61}.Debug|Any CPU.ActiveCfg = Debug|Any CPU
		{03A3F670-7F85-435F-8024-CBF6BA73FF61}.Debug|Any CPU.Build.0 = Debug|Any CPU
		{03A3F670-7F85-435F-8024-CBF6BA73FF61}.Debug|x64.ActiveCfg = Debug|Any CPU
		{03A3F670-7F85-435F-8024-CBF6BA73FF61}.Debug|x64.Build.0 = Debug|Any CPU
		{03A3F670-7F85-435F-8024-CBF6BA73FF61}.Debug|x86.ActiveCfg = Debug|Any CPU
		{03A3F670-7F85-435F-8024-CBF6BA73FF61}.Debug|x86.Build.0 = Debug|Any CPU
		{03A3F670-7F85-435F-8024-CBF6BA73FF61}.Release|Any CPU.ActiveCfg = Release|Any CPU
		{03A3F670-7F85-435F-8024-CBF6BA73FF61}.Release|Any CPU.Build.0 = Release|Any CPU
		{03A3F670-7F85-435F-8024-CBF6BA73FF61}.Release|x64.ActiveCfg = Release|Any CPU
		{03A3F670-7F85-435F-8024-CBF6BA73FF61}.Release|x64.Build.0 = Release|Any CPU
		{03A3F670-7F85-435F-8024-CBF6BA73FF61}.Release|x86.ActiveCfg = Release|Any CPU
		{03A3F670-7F85-435F-8024-CBF6BA73FF61}.Release|x86.Build.0 = Release|Any CPU
		{DC36EA5F-B493-4A2C-9A5D-474D95134BE3}.Debug|Any CPU.ActiveCfg = Debug|Any CPU
		{DC36EA5F-B493-4A2C-9A5D-474D95134BE3}.Debug|Any CPU.Build.0 = Debug|Any CPU
		{DC36EA5F-B493-4A2C-9A5D-474D95134BE3}.Debug|x64.ActiveCfg = Debug|Any CPU
		{DC36EA5F-B493-4A2C-9A5D-474D95134BE3}.Debug|x64.Build.0 = Debug|Any CPU
		{DC36EA5F-B493-4A2C-9A5D-474D95134BE3}.Debug|x86.ActiveCfg = Debug|Any CPU
		{DC36EA5F-B493-4A2C-9A5D-474D95134BE3}.Debug|x86.Build.0 = Debug|Any CPU
		{DC36EA5F-B493-4A2C-9A5D-474D95134BE3}.Release|Any CPU.ActiveCfg = Release|Any CPU
		{DC36EA5F-B493-4A2C-9A5D-474D95134BE3}.Release|Any CPU.Build.0 = Release|Any CPU
		{DC36EA5F-B493-4A2C-9A5D-474D95134BE3}.Release|x64.ActiveCfg = Release|Any CPU
		{DC36EA5F-B493-4A2C-9A5D-474D95134BE3}.Release|x64.Build.0 = Release|Any CPU
		{DC36EA5F-B493-4A2C-9A5D-474D95134BE3}.Release|x86.ActiveCfg = Release|Any CPU
		{DC36EA5F-B493-4A2C-9A5D-474D95134BE3}.Release|x86.Build.0 = Release|Any CPU
		{876BEE7C-AA69-4138-B554-AC58A61ABB50}.Debug|Any CPU.ActiveCfg = Debug|Any CPU
		{876BEE7C-AA69-4138-B554-AC58A61ABB50}.Debug|Any CPU.Build.0 = Debug|Any CPU
		{876BEE7C-AA69-4138-B554-AC58A61ABB50}.Debug|x64.ActiveCfg = Debug|Any CPU
		{876BEE7C-AA69-4138-B554-AC58A61ABB50}.Debug|x64.Build.0 = Debug|Any CPU
		{876BEE7C-AA69-4138-B554-AC58A61ABB50}.Debug|x86.ActiveCfg = Debug|Any CPU
		{876BEE7C-AA69-4138-B554-AC58A61ABB50}.Debug|x86.Build.0 = Debug|Any CPU
		{876BEE7C-AA69-4138-B554-AC58A61ABB50}.Release|Any CPU.ActiveCfg = Release|Any CPU
		{876BEE7C-AA69-4138-B554-AC58A61ABB50}.Release|Any CPU.Build.0 = Release|Any CPU
		{876BEE7C-AA69-4138-B554-AC58A61ABB50}.Release|x64.ActiveCfg = Release|Any CPU
		{876BEE7C-AA69-4138-B554-AC58A61ABB50}.Release|x64.Build.0 = Release|Any CPU
		{876BEE7C-AA69-4138-B554-AC58A61ABB50}.Release|x86.ActiveCfg = Release|Any CPU
		{876BEE7C-AA69-4138-B554-AC58A61ABB50}.Release|x86.Build.0 = Release|Any CPU
		{CC213B5A-749E-4F94-A964-7D2C33C14DEC}.Debug|Any CPU.ActiveCfg = Debug|Any CPU
		{CC213B5A-749E-4F94-A964-7D2C33C14DEC}.Debug|Any CPU.Build.0 = Debug|Any CPU
		{CC213B5A-749E-4F94-A964-7D2C33C14DEC}.Debug|x64.ActiveCfg = Debug|Any CPU
		{CC213B5A-749E-4F94-A964-7D2C33C14DEC}.Debug|x64.Build.0 = Debug|Any CPU
		{CC213B5A-749E-4F94-A964-7D2C33C14DEC}.Debug|x86.ActiveCfg = Debug|Any CPU
		{CC213B5A-749E-4F94-A964-7D2C33C14DEC}.Debug|x86.Build.0 = Debug|Any CPU
		{CC213B5A-749E-4F94-A964-7D2C33C14DEC}.Release|Any CPU.ActiveCfg = Release|Any CPU
		{CC213B5A-749E-4F94-A964-7D2C33C14DEC}.Release|Any CPU.Build.0 = Release|Any CPU
		{CC213B5A-749E-4F94-A964-7D2C33C14DEC}.Release|x64.ActiveCfg = Release|Any CPU
		{CC213B5A-749E-4F94-A964-7D2C33C14DEC}.Release|x64.Build.0 = Release|Any CPU
		{CC213B5A-749E-4F94-A964-7D2C33C14DEC}.Release|x86.ActiveCfg = Release|Any CPU
		{CC213B5A-749E-4F94-A964-7D2C33C14DEC}.Release|x86.Build.0 = Release|Any CPU
	EndGlobalSection
	GlobalSection(SolutionProperties) = preSolution
		HideSolutionNode = FALSE
	EndGlobalSection
	GlobalSection(ExtensibilityGlobals) = postSolution
		SolutionGuid = {7E89A93B-79DB-4A51-BD35-86482D28E6AA}
	EndGlobalSection
EndGlobal
